
Microsoft Visual Studio Solution File, Format Version 12.00
# Visual Studio Version 17
VisualStudioVersion = 17.0.31903.59
MinimumVisualStudioVersion = 10.0.40219.1
Project("{2150E333-8FDC-42A3-9474-1A3956D46DE8}") = "Domain", "Domain", "{996CEBED-A05B-5D42-3FF0-982E087A2599}"
EndProject
Project("{FAE04EC0-301F-11D3-BF4B-00C04F79EFBC}") = "ContasEmDia.Domain", "Domain\ContasEmDia.Domain.csproj", "{FD0A786F-FCB0-429B-A538-EB45A8C5128E}"
EndProject
Project("{2150E333-8FDC-42A3-9474-1A3956D46DE8}") = "Domain.Tests", "Domain.Tests", "{BAB2497A-7622-1410-2835-8828CFE57558}"
EndProject
Project("{FAE04EC0-301F-11D3-BF4B-00C04F79EFBC}") = "ContasEmDia.Domain.Tests", "Domain.Tests\ContasEmDia.Domain.Tests.csproj", "{028CE7B3-B4E4-4548-97A0-CC528DE732ED}"
EndProject
Project("{2150E333-8FDC-42A3-9474-1A3956D46DE8}") = "Infrastructure", "Infrastructure", "{DFEE68D8-A7D0-1A41-506C-9B74AA9A7B7B}"
EndProject
Project("{FAE04EC0-301F-11D3-BF4B-00C04F79EFBC}") = "ContasEmDia.Infrastructure", "Infrastructure\ContasEmDia.Infrastructure.csproj", "{8C4FB497-40B5-44FE-8D02-DF8AE66FA0CE}"
EndProject
Project("{2150E333-8FDC-42A3-9474-1A3956D46DE8}") = "Infrastructure.Tests", "Infrastructure.Tests", "{E0BD241E-A861-F4C7-615D-DB1D6533E779}"
EndProject
Project("{FAE04EC0-301F-11D3-BF4B-00C04F79EFBC}") = "ContasEmDia.Infrastructure.Tests", "Infrastructure.Tests\ContasEmDia.Infrastructure.Tests.csproj", "{4F1B42EC-E367-407E-84F7-B921620AD468}"
EndProject
Project("{2150E333-8FDC-42A3-9474-1A3956D46DE8}") = "Application", "Application", "{A74F262E-BDE7-D5D2-89E9-785413424D0A}"
EndProject
Project("{FAE04EC0-301F-11D3-BF4B-00C04F79EFBC}") = "ContasEmDia.Application", "Application\ContasEmDia.Application.csproj", "{EE94BC1D-D0AD-4BED-B2FD-F4B2F9032EFE}"
EndProject
Project("{2150E333-8FDC-42A3-9474-1A3956D46DE8}") = "Application.Tests", "Application.Tests", "{3A7D4CBB-875E-3628-B0DC-316B127B610F}"
EndProject
Project("{FAE04EC0-301F-11D3-BF4B-00C04F79EFBC}") = "ContasEmDia.Application.Tests", "Application.Tests\ContasEmDia.Application.Tests.csproj", "{2383B426-9D7F-4E59-AAA7-CAB20A5C467C}"
EndProject
Project("{2150E333-8FDC-42A3-9474-1A3956D46DE8}") = "Api", "Api", "{D82C56D6-B2CD-F611-9E31-04638F7EC30E}"
EndProject
Project("{FAE04EC0-301F-11D3-BF4B-00C04F79EFBC}") = "ContasEmDia.Api", "Api\ContasEmDia.Api.csproj", "{9B7FC955-E361-4D2D-B5AA-283411E16EC8}"
EndProject
Project("{2150E333-8FDC-42A3-9474-1A3956D46DE8}") = "Api.Tests", "Api.Tests", "{B83794C3-34B6-FA47-D82B-8EC2C3A5697C}"
EndProject
Project("{FAE04EC0-301F-11D3-BF4B-00C04F79EFBC}") = "ContasEmDia.Api.Tests", "Api.Tests\ContasEmDia.Api.Tests.csproj", "{17F1FFF8-515B-46C8-82D9-F3CE34FF7B54}"
EndProject
Global
	GlobalSection(SolutionConfigurationPlatforms) = preSolution
		Debug|Any CPU = Debug|Any CPU
		Debug|x64 = Debug|x64
		Debug|x86 = Debug|x86
		Release|Any CPU = Release|Any CPU
		Release|x64 = Release|x64
		Release|x86 = Release|x86
	EndGlobalSection
	GlobalSection(ProjectConfigurationPlatforms) = postSolution
		{FD0A786F-FCB0-429B-A538-EB45A8C5128E}.Debug|Any CPU.ActiveCfg = Debug|Any CPU
		{FD0A786F-FCB0-429B-A538-EB45A8C5128E}.Debug|Any CPU.Build.0 = Debug|Any CPU
		{FD0A786F-FCB0-429B-A538-EB45A8C5128E}.Debug|x64.ActiveCfg = Debug|Any CPU
		{FD0A786F-FCB0-429B-A538-EB45A8C5128E}.Debug|x64.Build.0 = Debug|Any CPU
		{FD0A786F-FCB0-429B-A538-EB45A8C5128E}.Debug|x86.ActiveCfg = Debug|Any CPU
		{FD0A786F-FCB0-429B-A538-EB45A8C5128E}.Debug|x86.Build.0 = Debug|Any CPU
		{FD0A786F-FCB0-429B-A538-EB45A8C5128E}.Release|Any CPU.ActiveCfg = Release|Any CPU
		{FD0A786F-FCB0-429B-A538-EB45A8C5128E}.Release|Any CPU.Build.0 = Release|Any CPU
		{FD0A786F-FCB0-429B-A538-EB45A8C5128E}.Release|x64.ActiveCfg = Release|Any CPU
		{FD0A786F-FCB0-429B-A538-EB45A8C5128E}.Release|x64.Build.0 = Release|Any CPU
		{FD0A786F-FCB0-429B-A538-EB45A8C5128E}.Release|x86.ActiveCfg = Release|Any CPU
		{FD0A786F-FCB0-429B-A538-EB45A8C5128E}.Release|x86.Build.0 = Release|Any CPU
		{028CE7B3-B4E4-4548-97A0-CC528DE732ED}.Debug|Any CPU.ActiveCfg = Debug|Any CPU
		{028CE7B3-B4E4-4548-97A0-CC528DE732ED}.Debug|Any CPU.Build.0 = Debug|Any CPU
		{028CE7B3-B4E4-4548-97A0-CC528DE732ED}.Debug|x64.ActiveCfg = Debug|Any CPU
		{028CE7B3-B4E4-4548-97A0-CC528DE732ED}.Debug|x64.Build.0 = Debug|Any CPU
		{028CE7B3-B4E4-4548-97A0-CC528DE732ED}.Debug|x86.ActiveCfg = Debug|Any CPU
		{028CE7B3-B4E4-4548-97A0-CC528DE732ED}.Debug|x86.Build.0 = Debug|Any CPU
		{028CE7B3-B4E4-4548-97A0-CC528DE732ED}.Release|Any CPU.ActiveCfg = Release|Any CPU
		{028CE7B3-B4E4-4548-97A0-CC528DE732ED}.Release|Any CPU.Build.0 = Release|Any CPU
		{028CE7B3-B4E4-4548-97A0-CC528DE732ED}.Release|x64.ActiveCfg = Release|Any CPU
		{028CE7B3-B4E4-4548-97A0-CC528DE732ED}.Release|x64.Build.0 = Release|Any CPU
		{028CE7B3-B4E4-4548-97A0-CC528DE732ED}.Release|x86.ActiveCfg = Release|Any CPU
		{028CE7B3-B4E4-4548-97A0-CC528DE732ED}.Release|x86.Build.0 = Release|Any CPU
		{8C4FB497-40B5-44FE-8D02-DF8AE66FA0CE}.Debug|Any CPU.ActiveCfg = Debug|Any CPU
		{8C4FB497-40B5-44FE-8D02-DF8AE66FA0CE}.Debug|Any CPU.Build.0 = Debug|Any CPU
		{8C4FB497-40B5-44FE-8D02-DF8AE66FA0CE}.Debug|x64.ActiveCfg = Debug|Any CPU
		{8C4FB497-40B5-44FE-8D02-DF8AE66FA0CE}.Debug|x64.Build.0 = Debug|Any CPU
		{8C4FB497-40B5-44FE-8D02-DF8AE66FA0CE}.Debug|x86.ActiveCfg = Debug|Any CPU
		{8C4FB497-40B5-44FE-8D02-DF8AE66FA0CE}.Debug|x86.Build.0 = Debug|Any CPU
		{8C4FB497-40B5-44FE-8D02-DF8AE66FA0CE}.Release|Any CPU.ActiveCfg = Release|Any CPU
		{8C4FB497-40B5-44FE-8D02-DF8AE66FA0CE}.Release|Any CPU.Build.0 = Release|Any CPU
		{8C4FB497-40B5-44FE-8D02-DF8AE66FA0CE}.Release|x64.ActiveCfg = Release|Any CPU
		{8C4FB497-40B5-44FE-8D02-DF8AE66FA0CE}.Release|x64.Build.0 = Release|Any CPU
		{8C4FB497-40B5-44FE-8D02-DF8AE66FA0CE}.Release|x86.ActiveCfg = Release|Any CPU
		{8C4FB497-40B5-44FE-8D02-DF8AE66FA0CE}.Release|x86.Build.0 = Release|Any CPU
		{4F1B42EC-E367-407E-84F7-B921620AD468}.Debug|Any CPU.ActiveCfg = Debug|Any CPU
		{4F1B42EC-E367-407E-84F7-B921620AD468}.Debug|Any CPU.Build.0 = Debug|Any CPU
		{4F1B42EC-E367-407E-84F7-B921620AD468}.Debug|x64.ActiveCfg = Debug|Any CPU
		{4F1B42EC-E367-407E-84F7-B921620AD468}.Debug|x64.Build.0 = Debug|Any CPU
		{4F1B42EC-E367-407E-84F7-B921620AD468}.Debug|x86.ActiveCfg = Debug|Any CPU
		{4F1B42EC-E367-407E-84F7-B921620AD468}.Debug|x86.Build.0 = Debug|Any CPU
		{4F1B42EC-E367-407E-84F7-B921620AD468}.Release|Any CPU.ActiveCfg = Release|Any CPU
		{4F1B42EC-E367-407E-84F7-B921620AD468}.Release|Any CPU.Build.0 = Release|Any CPU
		{4F1B42EC-E367-407E-84F7-B921620AD468}.Release|x64.ActiveCfg = Release|Any CPU
		{4F1B42EC-E367-407E-84F7-B921620AD468}.Release|x64.Build.0 = Release|Any CPU
		{4F1B42EC-E367-407E-84F7-B921620AD468}.Release|x86.ActiveCfg = Release|Any CPU
		{4F1B42EC-E367-407E-84F7-B921620AD468}.Release|x86.Build.0 = Release|Any CPU
		{EE94BC1D-D0AD-4BED-B2FD-F4B2F9032EFE}.Debug|Any CPU.ActiveCfg = Debug|Any CPU
		{EE94BC1D-D0AD-4BED-B2FD-F4B2F9032EFE}.Debug|Any CPU.Build.0 = Debug|Any CPU
		{EE94BC1D-D0AD-4BED-B2FD-F4B2F9032EFE}.Debug|x64.ActiveCfg = Debug|Any CPU
		{EE94BC1D-D0AD-4BED-B2FD-F4B2F9032EFE}.Debug|x64.Build.0 = Debug|Any CPU
		{EE94BC1D-D0AD-4BED-B2FD-F4B2F9032EFE}.Debug|x86.ActiveCfg = Debug|Any CPU
		{EE94BC1D-D0AD-4BED-B2FD-F4B2F9032EFE}.Debug|x86.Build.0 = Debug|Any CPU
		{EE94BC1D-D0AD-4BED-B2FD-F4B2F9032EFE}.Release|Any CPU.ActiveCfg = Release|Any CPU
		{EE94BC1D-D0AD-4BED-B2FD-F4B2F9032EFE}.Release|Any CPU.Build.0 = Release|Any CPU
		{EE94BC1D-D0AD-4BED-B2FD-F4B2F9032EFE}.Release|x64.ActiveCfg = Release|Any CPU
		{EE94BC1D-D0AD-4BED-B2FD-F4B2F9032EFE}.Release|x64.Build.0 = Release|Any CPU
		{EE94BC1D-D0AD-4BED-B2FD-F4B2F9032EFE}.Release|x86.ActiveCfg = Release|Any CPU
		{EE94BC1D-D0AD-4BED-B2FD-F4B2F9032EFE}.Release|x86.Build.0 = Release|Any CPU
		{2383B426-9D7F-4E59-AAA7-CAB20A5C467C}.Debug|Any CPU.ActiveCfg = Debug|Any CPU
		{2383B426-9D7F-4E59-AAA7-CAB20A5C467C}.Debug|Any CPU.Build.0 = Debug|Any CPU
		{2383B426-9D7F-4E59-AAA7-CAB20A5C467C}.Debug|x64.ActiveCfg = Debug|Any CPU
		{2383B426-9D7F-4E59-AAA7-CAB20A5C467C}.Debug|x64.Build.0 = Debug|Any CPU
		{2383B426-9D7F-4E59-AAA7-CAB20A5C467C}.Debug|x86.ActiveCfg = Debug|Any CPU
		{2383B426-9D7F-4E59-AAA7-CAB20A5C467C}.Debug|x86.Build.0 = Debug|Any CPU
		{2383B426-9D7F-4E59-AAA7-CAB20A5C467C}.Release|Any CPU.ActiveCfg = Release|Any CPU
		{2383B426-9D7F-4E59-AAA7-CAB20A5C467C}.Release|Any CPU.Build.0 = Release|Any CPU
		{2383B426-9D7F-4E59-AAA7-CAB20A5C467C}.Release|x64.ActiveCfg = Release|Any CPU
		{2383B426-9D7F-4E59-AAA7-CAB20A5C467C}.Release|x64.Build.0 = Release|Any CPU
		{2383B426-9D7F-4E59-AAA7-CAB20A5C467C}.Release|x86.ActiveCfg = Release|Any CPU
		{2383B426-9D7F-4E59-AAA7-CAB20A5C467C}.Release|x86.Build.0 = Release|Any CPU
		{9B7FC955-E361-4D2D-B5AA-283411E16EC8}.Debug|Any CPU.ActiveCfg = Debug|Any CPU
		{9B7FC955-E361-4D2D-B5AA-283411E16EC8}.Debug|Any CPU.Build.0 = Debug|Any CPU
		{9B7FC955-E361-4D2D-B5AA-283411E16EC8}.Debug|x64.ActiveCfg = Debug|Any CPU
		{9B7FC955-E361-4D2D-B5AA-283411E16EC8}.Debug|x64.Build.0 = Debug|Any CPU
		{9B7FC955-E361-4D2D-B5AA-283411E16EC8}.Debug|x86.ActiveCfg = Debug|Any CPU
		{9B7FC955-E361-4D2D-B5AA-283411E16EC8}.Debug|x86.Build.0 = Debug|Any CPU
		{9B7FC955-E361-4D2D-B5AA-283411E16EC8}.Release|Any CPU.ActiveCfg = Release|Any CPU
		{9B7FC955-E361-4D2D-B5AA-283411E16EC8}.Release|Any CPU.Build.0 = Release|Any CPU
		{9B7FC955-E361-4D2D-B5AA-283411E16EC8}.Release|x64.ActiveCfg = Release|Any CPU
		{9B7FC955-E361-4D2D-B5AA-283411E16EC8}.Release|x64.Build.0 = Release|Any CPU
		{9B7FC955-E361-4D2D-B5AA-283411E16EC8}.Release|x86.ActiveCfg = Release|Any CPU
		{9B7FC955-E361-4D2D-B5AA-283411E16EC8}.Release|x86.Build.0 = Release|Any CPU
		{17F1FFF8-515B-46C8-82D9-F3CE34FF7B54}.Debug|Any CPU.ActiveCfg = Debug|Any CPU
		{17F1FFF8-515B-46C8-82D9-F3CE34FF7B54}.Debug|Any CPU.Build.0 = Debug|Any CPU
		{17F1FFF8-515B-46C8-82D9-F3CE34FF7B54}.Debug|x64.ActiveCfg = Debug|Any CPU
		{17F1FFF8-515B-46C8-82D9-F3CE34FF7B54}.Debug|x64.Build.0 = Debug|Any CPU
		{17F1FFF8-515B-46C8-82D9-F3CE34FF7B54}.Debug|x86.ActiveCfg = Debug|Any CPU
		{17F1FFF8-515B-46C8-82D9-F3CE34FF7B54}.Debug|x86.Build.0 = Debug|Any CPU
		{17F1FFF8-515B-46C8-82D9-F3CE34FF7B54}.Release|Any CPU.ActiveCfg = Release|Any CPU
		{17F1FFF8-515B-46C8-82D9-F3CE34FF7B54}.Release|Any CPU.Build.0 = Release|Any CPU
		{17F1FFF8-515B-46C8-82D9-F3CE34FF7B54}.Release|x64.ActiveCfg = Release|Any CPU
		{17F1FFF8-515B-46C8-82D9-F3CE34FF7B54}.Release|x64.Build.0 = Release|Any CPU
		{17F1FFF8-515B-46C8-82D9-F3CE34FF7B54}.Release|x86.ActiveCfg = Release|Any CPU
		{17F1FFF8-515B-46C8-82D9-F3CE34FF7B54}.Release|x86.Build.0 = Release|Any CPU
	EndGlobalSection
	GlobalSection(SolutionProperties) = preSolution
		HideSolutionNode = FALSE
	EndGlobalSection
	GlobalSection(NestedProjects) = preSolution
		{FD0A786F-FCB0-429B-A538-EB45A8C5128E} = {996CEBED-A05B-5D42-3FF0-982E087A2599}
		{028CE7B3-B4E4-4548-97A0-CC528DE732ED} = {BAB2497A-7622-1410-2835-8828CFE57558}
		{8C4FB497-40B5-44FE-8D02-DF8AE66FA0CE} = {DFEE68D8-A7D0-1A41-506C-9B74AA9A7B7B}
		{4F1B42EC-E367-407E-84F7-B921620AD468} = {E0BD241E-A861-F4C7-615D-DB1D6533E779}
		{EE94BC1D-D0AD-4BED-B2FD-F4B2F9032EFE} = {A74F262E-BDE7-D5D2-89E9-785413424D0A}
		{2383B426-9D7F-4E59-AAA7-CAB20A5C467C} = {3A7D4CBB-875E-3628-B0DC-316B127B610F}
		{9B7FC955-E361-4D2D-B5AA-283411E16EC8} = {D82C56D6-B2CD-F611-9E31-04638F7EC30E}
		{17F1FFF8-515B-46C8-82D9-F3CE34FF7B54} = {B83794C3-34B6-FA47-D82B-8EC2C3A5697C}
	EndGlobalSection
EndGlobal
